
Microsoft Visual Studio Solution File, Format Version 12.00
# Visual Studio Version 16
VisualStudioVersion = 16.0.30204.135
MinimumVisualStudioVersion = 10.0.40219.1
Project("{FAE04EC0-301F-11D3-BF4B-00C04F79EFBC}") = "WebServices.WebApi", "WebServices.WebApi\WebServices.WebApi.csproj", "{47520AC1-6C75-4DDA-B017-6FC687AEBFB9}"
EndProject
Project("{FAE04EC0-301F-11D3-BF4B-00C04F79EFBC}") = "WebService.Data", "WebService.Data\WebService.Data.csproj", "{C1CD20B9-8E2C-4151-B158-954AB8F4ADB7}"
EndProject
Project("{FAE04EC0-301F-11D3-BF4B-00C04F79EFBC}") = "WebService.ClienteWebApi", "WebService.ClienteWebApi\WebService.ClienteWebApi.csproj", "{01880CF2-A8D4-4E36-A385-1DFB4B20C941}"
EndProject
Global
	GlobalSection(SolutionConfigurationPlatforms) = preSolution
		Debug|Any CPU = Debug|Any CPU
		Release|Any CPU = Release|Any CPU
	EndGlobalSection
	GlobalSection(ProjectConfigurationPlatforms) = postSolution
		{47520AC1-6C75-4DDA-B017-6FC687AEBFB9}.Debug|Any CPU.ActiveCfg = Debug|Any CPU
		{47520AC1-6C75-4DDA-B017-6FC687AEBFB9}.Debug|Any CPU.Build.0 = Debug|Any CPU
		{47520AC1-6C75-4DDA-B017-6FC687AEBFB9}.Release|Any CPU.ActiveCfg = Release|Any CPU
		{47520AC1-6C75-4DDA-B017-6FC687AEBFB9}.Release|Any CPU.Build.0 = Release|Any CPU
		{C1CD20B9-8E2C-4151-B158-954AB8F4ADB7}.Debug|Any CPU.ActiveCfg = Debug|Any CPU
		{C1CD20B9-8E2C-4151-B158-954AB8F4ADB7}.Debug|Any CPU.Build.0 = Debug|Any CPU
		{C1CD20B9-8E2C-4151-B158-954AB8F4ADB7}.Release|Any CPU.ActiveCfg = Release|Any CPU
		{C1CD20B9-8E2C-4151-B158-954AB8F4ADB7}.Release|Any CPU.Build.0 = Release|Any CPU
		{01880CF2-A8D4-4E36-A385-1DFB4B20C941}.Debug|Any CPU.ActiveCfg = Debug|Any CPU
		{01880CF2-A8D4-4E36-A385-1DFB4B20C941}.Debug|Any CPU.Build.0 = Debug|Any CPU
		{01880CF2-A8D4-4E36-A385-1DFB4B20C941}.Release|Any CPU.ActiveCfg = Release|Any CPU
		{01880CF2-A8D4-4E36-A385-1DFB4B20C941}.Release|Any CPU.Build.0 = Release|Any CPU
	EndGlobalSection
	GlobalSection(SolutionProperties) = preSolution
		HideSolutionNode = FALSE
	EndGlobalSection
	GlobalSection(ExtensibilityGlobals) = postSolution
		SolutionGuid = {B3AFFF8F-3506-466B-86E7-0694207AC24A}
	EndGlobalSection
EndGlobal
